
Microsoft Visual Studio Solution File, Format Version 12.00
# Visual Studio Version 17
VisualStudioVersion = 17.0.32014.148
MinimumVisualStudioVersion = 10.0.40219.1
Project("{FAE04EC0-301F-11D3-BF4B-00C04F79EFBC}") = "creational-design-patterns", "creational-design-patterns\creational-design-patterns.csproj", "{C85581D2-F4BA-44FC-A64A-42F323F7F8A2}"
EndProject
Global
	GlobalSection(SolutionConfigurationPlatforms) = preSolution
		Debug|Any CPU = Debug|Any CPU
		Release|Any CPU = Release|Any CPU
	EndGlobalSection
	GlobalSection(ProjectConfigurationPlatforms) = postSolution
		{C85581D2-F4BA-44FC-A64A-42F323F7F8A2}.Debug|Any CPU.ActiveCfg = Debug|Any CPU
		{C85581D2-F4BA-44FC-A64A-42F323F7F8A2}.Debug|Any CPU.Build.0 = Debug|Any CPU
		{C85581D2-F4BA-44FC-A64A-42F323F7F8A2}.Release|Any CPU.ActiveCfg = Release|Any CPU
		{C85581D2-F4BA-44FC-A64A-42F323F7F8A2}.Release|Any CPU.Build.0 = Release|Any CPU
	EndGlobalSection
	GlobalSection(SolutionProperties) = preSolution
		HideSolutionNode = FALSE
	EndGlobalSection
	GlobalSection(ExtensibilityGlobals) = postSolution
		SolutionGuid = {0951C935-8E56-4897-97BA-E2507411894D}
	EndGlobalSection
EndGlobal
